
Microsoft Visual Studio Solution File, Format Version 12.00
# Visual Studio Version 17
VisualStudioVersion = 17.0.32014.148
MinimumVisualStudioVersion = 10.0.40219.1
Project("{FAE04EC0-301F-11D3-BF4B-00C04F79EFBC}") = "ODataFlattening", "ODataFlattening\ODataFlattening.csproj", "{48C55685-1032-49ED-BC65-B004BCEB5CEA}"
EndProject
Global
	GlobalSection(SolutionConfigurationPlatforms) = preSolution
		Debug|Any CPU = Debug|Any CPU
		Release|Any CPU = Release|Any CPU
	EndGlobalSection
	GlobalSection(ProjectConfigurationPlatforms) = postSolution
		{48C55685-1032-49ED-BC65-B004BCEB5CEA}.Debug|Any CPU.ActiveCfg = Debug|Any CPU
		{48C55685-1032-49ED-BC65-B004BCEB5CEA}.Debug|Any CPU.Build.0 = Debug|Any CPU
		{48C55685-1032-49ED-BC65-B004BCEB5CEA}.Release|Any CPU.ActiveCfg = Release|Any CPU
		{48C55685-1032-49ED-BC65-B004BCEB5CEA}.Release|Any CPU.Build.0 = Release|Any CPU
	EndGlobalSection
	GlobalSection(SolutionProperties) = preSolution
		HideSolutionNode = FALSE
	EndGlobalSection
	GlobalSection(ExtensibilityGlobals) = postSolution
		SolutionGuid = {1FBDD389-345E-443D-B7B7-B53C8A567887}
	EndGlobalSection
EndGlobal
